
Microsoft Visual Studio Solution File, Format Version 12.00
# Visual Studio 14
VisualStudioVersion = 14.0.25123.0
MinimumVisualStudioVersion = 10.0.40219.1
Project("{FAE04EC0-301F-11D3-BF4B-00C04F79EFBC}") = "PdmWebClient", "PdmWebClient\PdmWebClient.csproj", "{6C1EDDC8-793B-408E-B2A6-80D7A53FE1AB}"
EndProject
Project("{FAE04EC0-301F-11D3-BF4B-00C04F79EFBC}") = "PdmData", "PdmData\PdmData.csproj", "{CFC4DE6D-029B-4972-BB28-125EEB43103E}"
EndProject
Project("{FAE04EC0-301F-11D3-BF4B-00C04F79EFBC}") = "PdmContracts", "PdmContracts\PdmContracts.csproj", "{EEC1BF10-E7C4-48AC-89F5-EDCB122E98D9}"
EndProject
Global
	GlobalSection(SolutionConfigurationPlatforms) = preSolution
		Debug|Any CPU = Debug|Any CPU
		Release|Any CPU = Release|Any CPU
	EndGlobalSection
	GlobalSection(ProjectConfigurationPlatforms) = postSolution
		{6C1EDDC8-793B-408E-B2A6-80D7A53FE1AB}.Debug|Any CPU.ActiveCfg = Debug|Any CPU
		{6C1EDDC8-793B-408E-B2A6-80D7A53FE1AB}.Debug|Any CPU.Build.0 = Debug|Any CPU
		{6C1EDDC8-793B-408E-B2A6-80D7A53FE1AB}.Release|Any CPU.ActiveCfg = Release|Any CPU
		{6C1EDDC8-793B-408E-B2A6-80D7A53FE1AB}.Release|Any CPU.Build.0 = Release|Any CPU
		{CFC4DE6D-029B-4972-BB28-125EEB43103E}.Debug|Any CPU.ActiveCfg = Debug|Any CPU
		{CFC4DE6D-029B-4972-BB28-125EEB43103E}.Debug|Any CPU.Build.0 = Debug|Any CPU
		{CFC4DE6D-029B-4972-BB28-125EEB43103E}.Release|Any CPU.ActiveCfg = Release|Any CPU
		{CFC4DE6D-029B-4972-BB28-125EEB43103E}.Release|Any CPU.Build.0 = Release|Any CPU
		{EEC1BF10-E7C4-48AC-89F5-EDCB122E98D9}.Debug|Any CPU.ActiveCfg = Debug|Any CPU
		{EEC1BF10-E7C4-48AC-89F5-EDCB122E98D9}.Debug|Any CPU.Build.0 = Debug|Any CPU
		{EEC1BF10-E7C4-48AC-89F5-EDCB122E98D9}.Release|Any CPU.ActiveCfg = Release|Any CPU
		{EEC1BF10-E7C4-48AC-89F5-EDCB122E98D9}.Release|Any CPU.Build.0 = Release|Any CPU
	EndGlobalSection
	GlobalSection(SolutionProperties) = preSolution
		HideSolutionNode = FALSE
	EndGlobalSection
EndGlobal
